// !$*UTF8*$!
{
	archiveVersion = 1;
	classes = {
	};
	objectVersion = 46;
	objects = {

/* Begin PBXFileReference section */
		2F9B3E9814FD304F0087BE59 /* Info.plist */ = {isa = PBXFileReference; fileEncoding = 4; lastKnownFileType = text.plist; name = Info.plist; path = Metro_Golf_MobileProject.xcodeproj/appData/Info.plist; sourceTree = "<group>"; };
		C1498C691473BE2200B4D887 /* Metro_Golf_Mobile.app */ = {isa = PBXFileReference; explicitFileType = wrapper.application; includeInIndex = 0; path = Metro_Golf_Mobile.app; sourceTree = BUILT_PRODUCTS_DIR; };
/* End PBXFileReference section */

/* Begin PBXGroup section */
		2F9B3E9714FD304F0087BE59 /* Metro_Golf_Mobile */ = {
			isa = PBXGroup;
			children = (
				2F9B3E9814FD304F0087BE59 /* Info.plist */,
			);
			path = Metro_Golf_Mobile;
			sourceTree = "<group>";
		};
		C1498C5E1473BE2200B4D887 = {
			isa = PBXGroup;
			children = (
				2F9B3E9714FD304F0087BE59 /* Metro_Golf_Mobile */,
				C1498C6A1473BE2200B4D887 /* Products */,
			);
			sourceTree = "<group>";
		};
		C1498C6A1473BE2200B4D887 /* Products */ = {
			isa = PBXGroup;
			children = (
				C1498C691473BE2200B4D887 /* Metro_Golf_Mobile.app */,
			);
			name = Products;
			sourceTree = "<group>";
		};
/* End PBXGroup section */

/* Begin PBXNativeTarget section */
		C1498C681473BE2200B4D887 /* Metro_Golf_Mobile */ = {
			isa = PBXNativeTarget;
			buildConfigurationList = C1498C811473BE2200B4D887 /* Build configuration list for PBXNativeTarget "Metro_Golf_Mobile" */;
			buildPhases = (
				9E48D02815D2637700607B84 /* ShellScript */,
			);
			buildRules = (
			);
			dependencies = (
			);
			name = Metro_Golf_Mobile;
			productName = Metro_Golf_Mobile;
			productReference = C1498C691473BE2200B4D887 /* Metro_Golf_Mobile.app */;
			productType = "com.apple.product-type.application";
		};
/* End PBXNativeTarget section */

/* Begin PBXProject section */
		C1498C601473BE2200B4D887 /* Project object */ = {
			isa = PBXProject;
			attributes = {
				LastUpgradeCheck = 0420;
				ORGANIZATIONNAME = Ideateca;
			};
			buildConfigurationList = C1498C631473BE2200B4D887 /* Build configuration list for PBXProject "Metro_Golf_MobileProject" */;
			compatibilityVersion = "Xcode 3.2";
			developmentRegion = English;
			hasScannedForEncodings = 0;
			knownRegions = (
				en,
			);
			mainGroup = C1498C5E1473BE2200B4D887;
			productRefGroup = C1498C6A1473BE2200B4D887 /* Products */;
			projectDirPath = "";
			projectRoot = "";
			targets = (
				C1498C681473BE2200B4D887 /* Metro_Golf_Mobile */,
			);
		};
/* End PBXProject section */

/* Begin PBXShellScriptBuildPhase section */
		9E48D02815D2637700607B84 /* ShellScript */ = {
			isa = PBXShellScriptBuildPhase;
			buildActionMask = 2147483647;
			files = (
			);
			inputPaths = (
			);
			outputPaths = (
			);
			runOnlyForDeploymentPostprocessing = 0;
			shellPath = /bin/sh;
			shellScript = "cp -R Metro_Golf_MobileProject.xcodeproj/appData/* \"$CODESIGNING_FOLDER_PATH\"";
		};
/* End PBXShellScriptBuildPhase section */

/* Begin XCBuildConfiguration section */
		C1498C7F1473BE2200B4D887 /* Debug */ = {
			isa = XCBuildConfiguration;
			buildSettings = {
				ALWAYS_SEARCH_USER_PATHS = NO;
				ARCHS = "$(ARCHS_STANDARD_32_BIT)";
				CODE_SIGN_IDENTITY = "iPhone Developer";
				"CODE_SIGN_IDENTITY[sdk=iphoneos*]" = "iPhone Developer";
				COPY_PHASE_STRIP = NO;
				GCC_C_LANGUAGE_STANDARD = gnu99;
				GCC_DYNAMIC_NO_PIC = NO;
				GCC_OPTIMIZATION_LEVEL = 0;
				GCC_PREPROCESSOR_DEFINITIONS = (
					"DEBUG=1",
					"$(inherited)",
				);
				GCC_SYMBOLS_PRIVATE_EXTERN = NO;
				GCC_WARN_ABOUT_MISSING_PROTOTYPES = YES;
				GCC_WARN_ABOUT_RETURN_TYPE = YES;
				GCC_WARN_UNUSED_VARIABLE = YES;
				IPHONEOS_DEPLOYMENT_TARGET = 5.0;
				PROVISIONING_PROFILE = "";
				"PROVISIONING_PROFILE[sdk=iphoneos*]" = "";
				SDKROOT = iphoneos;
				TARGETED_DEVICE_FAMILY = "1,2";
			};
			name = Debug;
		};
		C1498C801473BE2200B4D887 /* Release */ = {
			isa = XCBuildConfiguration;
			buildSettings = {
				ALWAYS_SEARCH_USER_PATHS = NO;
				ARCHS = "$(ARCHS_STANDARD_32_BIT)";
				CODE_SIGN_IDENTITY = "iPhone Distribution";
				"CODE_SIGN_IDENTITY[sdk=iphoneos*]" = "iPhone Distribution";
				COPY_PHASE_STRIP = YES;
				GCC_C_LANGUAGE_STANDARD = gnu99;
				GCC_WARN_ABOUT_MISSING_PROTOTYPES = YES;
				GCC_WARN_ABOUT_RETURN_TYPE = YES;
				GCC_WARN_UNUSED_VARIABLE = YES;
				IPHONEOS_DEPLOYMENT_TARGET = 5.0;
				OTHER_CFLAGS = "-DNS_BLOCK_ASSERTIONS=1";
				PROVISIONING_PROFILE = "";
				"PROVISIONING_PROFILE[sdk=iphoneos*]" = "";
				SDKROOT = iphoneos;
				TARGETED_DEVICE_FAMILY = "1,2";
				VALIDATE_PRODUCT = YES;
			};
			name = Release;
		};
		C1498C821473BE2200B4D887 /* Debug */ = {
			isa = XCBuildConfiguration;
			buildSettings = {
				ARCHS = "$(ARCHS_STANDARD_32_BIT)";
				CODE_SIGN_ENTITLEMENTS = "";
				CODE_SIGN_IDENTITY = "iPhone Developer";
				"CODE_SIGN_IDENTITY[sdk=iphoneos*]" = "iPhone Developer";
				COMPRESS_PNG_FILES = NO;
				DEBUG_INFORMATION_FORMAT = dwarf;
				GCC_PRECOMPILE_PREFIX_HEADER = YES;
				GCC_PREFIX_HEADER = "";
				GCC_SYMBOLS_PRIVATE_EXTERN = YES;
				GCC_WARN_INHIBIT_ALL_WARNINGS = YES;
				HEADER_SEARCH_PATHS = "";
				IBC_WARNINGS = NO;
				IDTK_PLATFORM = ios;
				INFOPLIST_FILE = Metro_Golf_MobileProject.xcodeproj/appData/Info.plist;
				IPHONEOS_DEPLOYMENT_TARGET = 5.0;
				LD_MAP_FILE_PATH = "";
				LIBRARY_SEARCH_PATHS = "";
				OTHER_LDFLAGS = "";
				PRODUCT_NAME = Metro_Golf_Mobile;
				PROVISIONING_PROFILE = "";
				"PROVISIONING_PROFILE[sdk=iphoneos*]" = "";
				WARNING_LDFLAGS = "";
				WRAPPER_EXTENSION = app;
			};
			name = Debug;
		};
		C1498C831473BE2200B4D887 /* Release */ = {
			isa = XCBuildConfiguration;
			buildSettings = {
				ARCHS = "$(ARCHS_STANDARD_32_BIT)";
				CODE_SIGN_ENTITLEMENTS = "";
				CODE_SIGN_IDENTITY = "iPhone Distribution";
				"CODE_SIGN_IDENTITY[sdk=iphoneos*]" = "iPhone Distribution";
				COMPRESS_PNG_FILES = NO;
				DEBUG_INFORMATION_FORMAT = dwarf;
				GCC_PRECOMPILE_PREFIX_HEADER = YES;
				GCC_PREFIX_HEADER = "";
				GCC_SYMBOLS_PRIVATE_EXTERN = YES;
				GCC_WARN_INHIBIT_ALL_WARNINGS = YES;
				HEADER_SEARCH_PATHS = "";
				IBC_WARNINGS = NO;
				IDTK_PLATFORM = ios;
				INFOPLIST_FILE = Metro_Golf_MobileProject.xcodeproj/appData/Info.plist;
				IPHONEOS_DEPLOYMENT_TARGET = 5.0;
				LD_MAP_FILE_PATH = "";
				LIBRARY_SEARCH_PATHS = "";
				OTHER_LDFLAGS = "";
				PRODUCT_NAME = Metro_Golf_Mobile;
				PROVISIONING_PROFILE = "";
				"PROVISIONING_PROFILE[sdk=iphoneos*]" = "";
				WARNING_LDFLAGS = "";
				WRAPPER_EXTENSION = app;
			};
			name = Release;
		};
/* End XCBuildConfiguration section */

/* Begin XCConfigurationList section */
		C1498C631473BE2200B4D887 /* Build configuration list for PBXProject "Metro_Golf_MobileProject" */ = {
			isa = XCConfigurationList;
			buildConfigurations = (
				C1498C7F1473BE2200B4D887 /* Debug */,
				C1498C801473BE2200B4D887 /* Release */,
			);
			defaultConfigurationIsVisible = 0;
			defaultConfigurationName = Release;
		};
		C1498C811473BE2200B4D887 /* Build configuration list for PBXNativeTarget "Metro_Golf_Mobile" */ = {
			isa = XCConfigurationList;
			buildConfigurations = (
				C1498C821473BE2200B4D887 /* Debug */,
				C1498C831473BE2200B4D887 /* Release */,
			);
			defaultConfigurationIsVisible = 0;
			defaultConfigurationName = Release;
		};
/* End XCConfigurationList section */
	};
	rootObject = C1498C601473BE2200B4D887 /* Project object */;
}
